
Microsoft Visual Studio Solution File, Format Version 12.00
# Visual Studio Version 17
VisualStudioVersion = 17.8.34309.116
MinimumVisualStudioVersion = 10.0.40219.1
Project("{8BC9CEB8-8B4A-11D0-8D11-00A0C91BC942}") = "pong-game", "pong game\pong game.vcxproj", "{967DE0D2-06C3-41D5-8590-1E3D29882E1F}"
EndProject
Global
	GlobalSection(SolutionConfigurationPlatforms) = preSolution
		Debug|x64 = Debug|x64
		Debug|x86 = Debug|x86
		Release|x64 = Release|x64
		Release|x86 = Release|x86
	EndGlobalSection
	GlobalSection(ProjectConfigurationPlatforms) = postSolution
		{967DE0D2-06C3-41D5-8590-1E3D29882E1F}.Debug|x64.ActiveCfg = Debug|x64
		{967DE0D2-06C3-41D5-8590-1E3D29882E1F}.Debug|x64.Build.0 = Debug|x64
		{967DE0D2-06C3-41D5-8590-1E3D29882E1F}.Debug|x86.ActiveCfg = Debug|Win32
		{967DE0D2-06C3-41D5-8590-1E3D29882E1F}.Debug|x86.Build.0 = Debug|Win32
		{967DE0D2-06C3-41D5-8590-1E3D29882E1F}.Release|x64.ActiveCfg = Release|x64
		{967DE0D2-06C3-41D5-8590-1E3D29882E1F}.Release|x64.Build.0 = Release|x64
		{967DE0D2-06C3-41D5-8590-1E3D29882E1F}.Release|x86.ActiveCfg = Release|Win32
		{967DE0D2-06C3-41D5-8590-1E3D29882E1F}.Release|x86.Build.0 = Release|Win32
	EndGlobalSection
	GlobalSection(SolutionProperties) = preSolution
		HideSolutionNode = FALSE
	EndGlobalSection
	GlobalSection(ExtensibilityGlobals) = postSolution
		SolutionGuid = {B3010B98-426F-41C3-939B-88D94C53C2D4}
	EndGlobalSection
EndGlobal
